
Microsoft Visual Studio Solution File, Format Version 12.00
# Visual Studio Version 17
VisualStudioVersion = 17.1.32328.378
MinimumVisualStudioVersion = 10.0.40219.1
Project("{FAE04EC0-301F-11D3-BF4B-00C04F79EFBC}") = "WindowsFormsApp1", "WindowsFormsApp1\WindowsFormsApp1.csproj", "{4FBABFA1-0AC9-4BD6-8F8F-60160711C1BA}"
EndProject
Global
	GlobalSection(SolutionConfigurationPlatforms) = preSolution
		Debug|Any CPU = Debug|Any CPU
		Release|Any CPU = Release|Any CPU
	EndGlobalSection
	GlobalSection(ProjectConfigurationPlatforms) = postSolution
		{4FBABFA1-0AC9-4BD6-8F8F-60160711C1BA}.Debug|Any CPU.ActiveCfg = Debug|Any CPU
		{4FBABFA1-0AC9-4BD6-8F8F-60160711C1BA}.Debug|Any CPU.Build.0 = Debug|Any CPU
		{4FBABFA1-0AC9-4BD6-8F8F-60160711C1BA}.Release|Any CPU.ActiveCfg = Release|Any CPU
		{4FBABFA1-0AC9-4BD6-8F8F-60160711C1BA}.Release|Any CPU.Build.0 = Release|Any CPU
	EndGlobalSection
	GlobalSection(SolutionProperties) = preSolution
		HideSolutionNode = FALSE
	EndGlobalSection
	GlobalSection(ExtensibilityGlobals) = postSolution
		SolutionGuid = {FFB3CA79-2A1B-4008-87DE-C2E62DE0CAC7}
	EndGlobalSection
EndGlobal
